
Microsoft Visual Studio Solution File, Format Version 12.00
# Visual Studio 14
VisualStudioVersion = 14.0.23107.0
MinimumVisualStudioVersion = 10.0.40219.1
Project("{FAE04EC0-301F-11D3-BF4B-00C04F79EFBC}") = "MariaRadio", "MariaRadio\MariaRadio\MariaRadio.csproj", "{1B44E71C-8FD3-4850-92A2-C78616B81AC6}"
EndProject
Project("{FAE04EC0-301F-11D3-BF4B-00C04F79EFBC}") = "MariaRadio.iOS", "MariaRadio\MariaRadio.iOS\MariaRadio.iOS.csproj", "{76628B9E-F582-4ED0-BA3A-6C9788F3CD72}"
EndProject
Project("{FAE04EC0-301F-11D3-BF4B-00C04F79EFBC}") = "MariaRadio.Droid", "MariaRadio\MariaRadio.Droid\MariaRadio.Droid.csproj", "{25DDA3AE-91D4-4D4F-B124-4E73A83873CC}"
EndProject
Project("{FAE04EC0-301F-11D3-BF4B-00C04F79EFBC}") = "MariaRadio.WinPhone", "MariaRadio\MariaRadio.WinPhone\MariaRadio.WinPhone.csproj", "{280E9FF6-152E-4190-8288-BD708B5EB62B}"
EndProject
Global
	GlobalSection(SolutionConfigurationPlatforms) = preSolution
		Ad-Hoc|Any CPU = Ad-Hoc|Any CPU
		Ad-Hoc|ARM = Ad-Hoc|ARM
		Ad-Hoc|iPhone = Ad-Hoc|iPhone
		Ad-Hoc|iPhoneSimulator = Ad-Hoc|iPhoneSimulator
		Ad-Hoc|x86 = Ad-Hoc|x86
		AppStore|Any CPU = AppStore|Any CPU
		AppStore|ARM = AppStore|ARM
		AppStore|iPhone = AppStore|iPhone
		AppStore|iPhoneSimulator = AppStore|iPhoneSimulator
		AppStore|x86 = AppStore|x86
		Debug|Any CPU = Debug|Any CPU
		Debug|ARM = Debug|ARM
		Debug|iPhone = Debug|iPhone
		Debug|iPhoneSimulator = Debug|iPhoneSimulator
		Debug|x86 = Debug|x86
		Release|Any CPU = Release|Any CPU
		Release|ARM = Release|ARM
		Release|iPhone = Release|iPhone
		Release|iPhoneSimulator = Release|iPhoneSimulator
		Release|x86 = Release|x86
	EndGlobalSection
	GlobalSection(ProjectConfigurationPlatforms) = postSolution
		{1B44E71C-8FD3-4850-92A2-C78616B81AC6}.Ad-Hoc|Any CPU.ActiveCfg = Release|Any CPU
		{1B44E71C-8FD3-4850-92A2-C78616B81AC6}.Ad-Hoc|Any CPU.Build.0 = Release|Any CPU
		{1B44E71C-8FD3-4850-92A2-C78616B81AC6}.Ad-Hoc|ARM.ActiveCfg = Release|Any CPU
		{1B44E71C-8FD3-4850-92A2-C78616B81AC6}.Ad-Hoc|ARM.Build.0 = Release|Any CPU
		{1B44E71C-8FD3-4850-92A2-C78616B81AC6}.Ad-Hoc|iPhone.ActiveCfg = Release|Any CPU
		{1B44E71C-8FD3-4850-92A2-C78616B81AC6}.Ad-Hoc|iPhone.Build.0 = Release|Any CPU
		{1B44E71C-8FD3-4850-92A2-C78616B81AC6}.Ad-Hoc|iPhoneSimulator.ActiveCfg = Release|Any CPU
		{1B44E71C-8FD3-4850-92A2-C78616B81AC6}.Ad-Hoc|iPhoneSimulator.Build.0 = Release|Any CPU
		{1B44E71C-8FD3-4850-92A2-C78616B81AC6}.Ad-Hoc|x86.ActiveCfg = Release|Any CPU
		{1B44E71C-8FD3-4850-92A2-C78616B81AC6}.Ad-Hoc|x86.Build.0 = Release|Any CPU
		{1B44E71C-8FD3-4850-92A2-C78616B81AC6}.AppStore|Any CPU.ActiveCfg = Release|Any CPU
		{1B44E71C-8FD3-4850-92A2-C78616B81AC6}.AppStore|Any CPU.Build.0 = Release|Any CPU
		{1B44E71C-8FD3-4850-92A2-C78616B81AC6}.AppStore|ARM.ActiveCfg = Release|Any CPU
		{1B44E71C-8FD3-4850-92A2-C78616B81AC6}.AppStore|ARM.Build.0 = Release|Any CPU
		{1B44E71C-8FD3-4850-92A2-C78616B81AC6}.AppStore|iPhone.ActiveCfg = Release|Any CPU
		{1B44E71C-8FD3-4850-92A2-C78616B81AC6}.AppStore|iPhone.Build.0 = Release|Any CPU
		{1B44E71C-8FD3-4850-92A2-C78616B81AC6}.AppStore|iPhoneSimulator.ActiveCfg = Release|Any CPU
		{1B44E71C-8FD3-4850-92A2-C78616B81AC6}.AppStore|iPhoneSimulator.Build.0 = Release|Any CPU
		{1B44E71C-8FD3-4850-92A2-C78616B81AC6}.AppStore|x86.ActiveCfg = Release|Any CPU
		{1B44E71C-8FD3-4850-92A2-C78616B81AC6}.AppStore|x86.Build.0 = Release|Any CPU
		{1B44E71C-8FD3-4850-92A2-C78616B81AC6}.Debug|Any CPU.ActiveCfg = Debug|Any CPU
		{1B44E71C-8FD3-4850-92A2-C78616B81AC6}.Debug|Any CPU.Build.0 = Debug|Any CPU
		{1B44E71C-8FD3-4850-92A2-C78616B81AC6}.Debug|ARM.ActiveCfg = Debug|Any CPU
		{1B44E71C-8FD3-4850-92A2-C78616B81AC6}.Debug|ARM.Build.0 = Debug|Any CPU
		{1B44E71C-8FD3-4850-92A2-C78616B81AC6}.Debug|iPhone.ActiveCfg = Debug|Any CPU
		{1B44E71C-8FD3-4850-92A2-C78616B81AC6}.Debug|iPhone.Build.0 = Debug|Any CPU
		{1B44E71C-8FD3-4850-92A2-C78616B81AC6}.Debug|iPhoneSimulator.ActiveCfg = Debug|Any CPU
		{1B44E71C-8FD3-4850-92A2-C78616B81AC6}.Debug|iPhoneSimulator.Build.0 = Debug|Any CPU
		{1B44E71C-8FD3-4850-92A2-C78616B81AC6}.Debug|x86.ActiveCfg = Debug|Any CPU
		{1B44E71C-8FD3-4850-92A2-C78616B81AC6}.Debug|x86.Build.0 = Debug|Any CPU
		{1B44E71C-8FD3-4850-92A2-C78616B81AC6}.Release|Any CPU.ActiveCfg = Release|Any CPU
		{1B44E71C-8FD3-4850-92A2-C78616B81AC6}.Release|Any CPU.Build.0 = Release|Any CPU
		{1B44E71C-8FD3-4850-92A2-C78616B81AC6}.Release|ARM.ActiveCfg = Release|Any CPU
		{1B44E71C-8FD3-4850-92A2-C78616B81AC6}.Release|ARM.Build.0 = Release|Any CPU
		{1B44E71C-8FD3-4850-92A2-C78616B81AC6}.Release|iPhone.ActiveCfg = Release|Any CPU
		{1B44E71C-8FD3-4850-92A2-C78616B81AC6}.Release|iPhone.Build.0 = Release|Any CPU
		{1B44E71C-8FD3-4850-92A2-C78616B81AC6}.Release|iPhoneSimulator.ActiveCfg = Release|Any CPU
		{1B44E71C-8FD3-4850-92A2-C78616B81AC6}.Release|iPhoneSimulator.Build.0 = Release|Any CPU
		{1B44E71C-8FD3-4850-92A2-C78616B81AC6}.Release|x86.ActiveCfg = Release|Any CPU
		{1B44E71C-8FD3-4850-92A2-C78616B81AC6}.Release|x86.Build.0 = Release|Any CPU
		{76628B9E-F582-4ED0-BA3A-6C9788F3CD72}.Ad-Hoc|Any CPU.ActiveCfg = Ad-Hoc|iPhone
		{76628B9E-F582-4ED0-BA3A-6C9788F3CD72}.Ad-Hoc|ARM.ActiveCfg = Ad-Hoc|iPhone
		{76628B9E-F582-4ED0-BA3A-6C9788F3CD72}.Ad-Hoc|iPhone.ActiveCfg = Ad-Hoc|iPhone
		{76628B9E-F582-4ED0-BA3A-6C9788F3CD72}.Ad-Hoc|iPhone.Build.0 = Ad-Hoc|iPhone
		{76628B9E-F582-4ED0-BA3A-6C9788F3CD72}.Ad-Hoc|iPhoneSimulator.ActiveCfg = Ad-Hoc|iPhoneSimulator
		{76628B9E-F582-4ED0-BA3A-6C9788F3CD72}.Ad-Hoc|iPhoneSimulator.Build.0 = Ad-Hoc|iPhoneSimulator
		{76628B9E-F582-4ED0-BA3A-6C9788F3CD72}.Ad-Hoc|x86.ActiveCfg = Ad-Hoc|iPhone
		{76628B9E-F582-4ED0-BA3A-6C9788F3CD72}.AppStore|Any CPU.ActiveCfg = AppStore|iPhone
		{76628B9E-F582-4ED0-BA3A-6C9788F3CD72}.AppStore|ARM.ActiveCfg = AppStore|iPhone
		{76628B9E-F582-4ED0-BA3A-6C9788F3CD72}.AppStore|iPhone.ActiveCfg = AppStore|iPhone
		{76628B9E-F582-4ED0-BA3A-6C9788F3CD72}.AppStore|iPhone.Build.0 = AppStore|iPhone
		{76628B9E-F582-4ED0-BA3A-6C9788F3CD72}.AppStore|iPhoneSimulator.ActiveCfg = AppStore|iPhoneSimulator
		{76628B9E-F582-4ED0-BA3A-6C9788F3CD72}.AppStore|iPhoneSimulator.Build.0 = AppStore|iPhoneSimulator
		{76628B9E-F582-4ED0-BA3A-6C9788F3CD72}.AppStore|x86.ActiveCfg = AppStore|iPhone
		{76628B9E-F582-4ED0-BA3A-6C9788F3CD72}.Debug|Any CPU.ActiveCfg = Debug|iPhone
		{76628B9E-F582-4ED0-BA3A-6C9788F3CD72}.Debug|ARM.ActiveCfg = Debug|iPhone
		{76628B9E-F582-4ED0-BA3A-6C9788F3CD72}.Debug|iPhone.ActiveCfg = Debug|iPhone
		{76628B9E-F582-4ED0-BA3A-6C9788F3CD72}.Debug|iPhone.Build.0 = Debug|iPhone
		{76628B9E-F582-4ED0-BA3A-6C9788F3CD72}.Debug|iPhoneSimulator.ActiveCfg = Debug|iPhoneSimulator
		{76628B9E-F582-4ED0-BA3A-6C9788F3CD72}.Debug|iPhoneSimulator.Build.0 = Debug|iPhoneSimulator
		{76628B9E-F582-4ED0-BA3A-6C9788F3CD72}.Debug|x86.ActiveCfg = Debug|iPhone
		{76628B9E-F582-4ED0-BA3A-6C9788F3CD72}.Release|Any CPU.ActiveCfg = Release|iPhone
		{76628B9E-F582-4ED0-BA3A-6C9788F3CD72}.Release|ARM.ActiveCfg = Release|iPhone
		{76628B9E-F582-4ED0-BA3A-6C9788F3CD72}.Release|iPhone.ActiveCfg = Release|iPhone
		{76628B9E-F582-4ED0-BA3A-6C9788F3CD72}.Release|iPhone.Build.0 = Release|iPhone
		{76628B9E-F582-4ED0-BA3A-6C9788F3CD72}.Release|iPhoneSimulator.ActiveCfg = Release|iPhoneSimulator
		{76628B9E-F582-4ED0-BA3A-6C9788F3CD72}.Release|iPhoneSimulator.Build.0 = Release|iPhoneSimulator
		{76628B9E-F582-4ED0-BA3A-6C9788F3CD72}.Release|x86.ActiveCfg = Release|iPhone
		{25DDA3AE-91D4-4D4F-B124-4E73A83873CC}.Ad-Hoc|Any CPU.ActiveCfg = Release|Any CPU
		{25DDA3AE-91D4-4D4F-B124-4E73A83873CC}.Ad-Hoc|Any CPU.Build.0 = Release|Any CPU
		{25DDA3AE-91D4-4D4F-B124-4E73A83873CC}.Ad-Hoc|Any CPU.Deploy.0 = Release|Any CPU
		{25DDA3AE-91D4-4D4F-B124-4E73A83873CC}.Ad-Hoc|ARM.ActiveCfg = Release|Any CPU
		{25DDA3AE-91D4-4D4F-B124-4E73A83873CC}.Ad-Hoc|ARM.Build.0 = Release|Any CPU
		{25DDA3AE-91D4-4D4F-B124-4E73A83873CC}.Ad-Hoc|ARM.Deploy.0 = Release|Any CPU
		{25DDA3AE-91D4-4D4F-B124-4E73A83873CC}.Ad-Hoc|iPhone.ActiveCfg = Release|Any CPU
		{25DDA3AE-91D4-4D4F-B124-4E73A83873CC}.Ad-Hoc|iPhone.Build.0 = Release|Any CPU
		{25DDA3AE-91D4-4D4F-B124-4E73A83873CC}.Ad-Hoc|iPhone.Deploy.0 = Release|Any CPU
		{25DDA3AE-91D4-4D4F-B124-4E73A83873CC}.Ad-Hoc|iPhoneSimulator.ActiveCfg = Release|Any CPU
		{25DDA3AE-91D4-4D4F-B124-4E73A83873CC}.Ad-Hoc|iPhoneSimulator.Build.0 = Release|Any CPU
		{25DDA3AE-91D4-4D4F-B124-4E73A83873CC}.Ad-Hoc|iPhoneSimulator.Deploy.0 = Release|Any CPU
		{25DDA3AE-91D4-4D4F-B124-4E73A83873CC}.Ad-Hoc|x86.ActiveCfg = Release|Any CPU
		{25DDA3AE-91D4-4D4F-B124-4E73A83873CC}.Ad-Hoc|x86.Build.0 = Release|Any CPU
		{25DDA3AE-91D4-4D4F-B124-4E73A83873CC}.Ad-Hoc|x86.Deploy.0 = Release|Any CPU
		{25DDA3AE-91D4-4D4F-B124-4E73A83873CC}.AppStore|Any CPU.ActiveCfg = Release|Any CPU
		{25DDA3AE-91D4-4D4F-B124-4E73A83873CC}.AppStore|Any CPU.Build.0 = Release|Any CPU
		{25DDA3AE-91D4-4D4F-B124-4E73A83873CC}.AppStore|Any CPU.Deploy.0 = Release|Any CPU
		{25DDA3AE-91D4-4D4F-B124-4E73A83873CC}.AppStore|ARM.ActiveCfg = Release|Any CPU
		{25DDA3AE-91D4-4D4F-B124-4E73A83873CC}.AppStore|ARM.Build.0 = Release|Any CPU
		{25DDA3AE-91D4-4D4F-B124-4E73A83873CC}.AppStore|ARM.Deploy.0 = Release|Any CPU
		{25DDA3AE-91D4-4D4F-B124-4E73A83873CC}.AppStore|iPhone.ActiveCfg = Release|Any CPU
		{25DDA3AE-91D4-4D4F-B124-4E73A83873CC}.AppStore|iPhone.Build.0 = Release|Any CPU
		{25DDA3AE-91D4-4D4F-B124-4E73A83873CC}.AppStore|iPhone.Deploy.0 = Release|Any CPU
		{25DDA3AE-91D4-4D4F-B124-4E73A83873CC}.AppStore|iPhoneSimulator.ActiveCfg = Release|Any CPU
		{25DDA3AE-91D4-4D4F-B124-4E73A83873CC}.AppStore|iPhoneSimulator.Build.0 = Release|Any CPU
		{25DDA3AE-91D4-4D4F-B124-4E73A83873CC}.AppStore|iPhoneSimulator.Deploy.0 = Release|Any CPU
		{25DDA3AE-91D4-4D4F-B124-4E73A83873CC}.AppStore|x86.ActiveCfg = Release|Any CPU
		{25DDA3AE-91D4-4D4F-B124-4E73A83873CC}.AppStore|x86.Build.0 = Release|Any CPU
		{25DDA3AE-91D4-4D4F-B124-4E73A83873CC}.AppStore|x86.Deploy.0 = Release|Any CPU
		{25DDA3AE-91D4-4D4F-B124-4E73A83873CC}.Debug|Any CPU.ActiveCfg = Debug|Any CPU
		{25DDA3AE-91D4-4D4F-B124-4E73A83873CC}.Debug|Any CPU.Build.0 = Debug|Any CPU
		{25DDA3AE-91D4-4D4F-B124-4E73A83873CC}.Debug|Any CPU.Deploy.0 = Debug|Any CPU
		{25DDA3AE-91D4-4D4F-B124-4E73A83873CC}.Debug|ARM.ActiveCfg = Debug|Any CPU
		{25DDA3AE-91D4-4D4F-B124-4E73A83873CC}.Debug|ARM.Build.0 = Debug|Any CPU
		{25DDA3AE-91D4-4D4F-B124-4E73A83873CC}.Debug|ARM.Deploy.0 = Debug|Any CPU
		{25DDA3AE-91D4-4D4F-B124-4E73A83873CC}.Debug|iPhone.ActiveCfg = Debug|Any CPU
		{25DDA3AE-91D4-4D4F-B124-4E73A83873CC}.Debug|iPhone.Build.0 = Debug|Any CPU
		{25DDA3AE-91D4-4D4F-B124-4E73A83873CC}.Debug|iPhone.Deploy.0 = Debug|Any CPU
		{25DDA3AE-91D4-4D4F-B124-4E73A83873CC}.Debug|iPhoneSimulator.ActiveCfg = Debug|Any CPU
		{25DDA3AE-91D4-4D4F-B124-4E73A83873CC}.Debug|iPhoneSimulator.Build.0 = Debug|Any CPU
		{25DDA3AE-91D4-4D4F-B124-4E73A83873CC}.Debug|iPhoneSimulator.Deploy.0 = Debug|Any CPU
		{25DDA3AE-91D4-4D4F-B124-4E73A83873CC}.Debug|x86.ActiveCfg = Debug|Any CPU
		{25DDA3AE-91D4-4D4F-B124-4E73A83873CC}.Debug|x86.Build.0 = Debug|Any CPU
		{25DDA3AE-91D4-4D4F-B124-4E73A83873CC}.Debug|x86.Deploy.0 = Debug|Any CPU
		{25DDA3AE-91D4-4D4F-B124-4E73A83873CC}.Release|Any CPU.ActiveCfg = Release|Any CPU
		{25DDA3AE-91D4-4D4F-B124-4E73A83873CC}.Release|Any CPU.Build.0 = Release|Any CPU
		{25DDA3AE-91D4-4D4F-B124-4E73A83873CC}.Release|Any CPU.Deploy.0 = Release|Any CPU
		{25DDA3AE-91D4-4D4F-B124-4E73A83873CC}.Release|ARM.ActiveCfg = Release|Any CPU
		{25DDA3AE-91D4-4D4F-B124-4E73A83873CC}.Release|ARM.Build.0 = Release|Any CPU
		{25DDA3AE-91D4-4D4F-B124-4E73A83873CC}.Release|ARM.Deploy.0 = Release|Any CPU
		{25DDA3AE-91D4-4D4F-B124-4E73A83873CC}.Release|iPhone.ActiveCfg = Release|Any CPU
		{25DDA3AE-91D4-4D4F-B124-4E73A83873CC}.Release|iPhone.Build.0 = Release|Any CPU
		{25DDA3AE-91D4-4D4F-B124-4E73A83873CC}.Release|iPhone.Deploy.0 = Release|Any CPU
		{25DDA3AE-91D4-4D4F-B124-4E73A83873CC}.Release|iPhoneSimulator.ActiveCfg = Release|Any CPU
		{25DDA3AE-91D4-4D4F-B124-4E73A83873CC}.Release|iPhoneSimulator.Build.0 = Release|Any CPU
		{25DDA3AE-91D4-4D4F-B124-4E73A83873CC}.Release|iPhoneSimulator.Deploy.0 = Release|Any CPU
		{25DDA3AE-91D4-4D4F-B124-4E73A83873CC}.Release|x86.ActiveCfg = Release|Any CPU
		{25DDA3AE-91D4-4D4F-B124-4E73A83873CC}.Release|x86.Build.0 = Release|Any CPU
		{25DDA3AE-91D4-4D4F-B124-4E73A83873CC}.Release|x86.Deploy.0 = Release|Any CPU
		{280E9FF6-152E-4190-8288-BD708B5EB62B}.Ad-Hoc|Any CPU.ActiveCfg = Release|Any CPU
		{280E9FF6-152E-4190-8288-BD708B5EB62B}.Ad-Hoc|Any CPU.Build.0 = Release|Any CPU
		{280E9FF6-152E-4190-8288-BD708B5EB62B}.Ad-Hoc|Any CPU.Deploy.0 = Release|Any CPU
		{280E9FF6-152E-4190-8288-BD708B5EB62B}.Ad-Hoc|ARM.ActiveCfg = Release|ARM
		{280E9FF6-152E-4190-8288-BD708B5EB62B}.Ad-Hoc|ARM.Build.0 = Release|ARM
		{280E9FF6-152E-4190-8288-BD708B5EB62B}.Ad-Hoc|ARM.Deploy.0 = Release|ARM
		{280E9FF6-152E-4190-8288-BD708B5EB62B}.Ad-Hoc|iPhone.ActiveCfg = Release|Any CPU
		{280E9FF6-152E-4190-8288-BD708B5EB62B}.Ad-Hoc|iPhone.Build.0 = Release|Any CPU
		{280E9FF6-152E-4190-8288-BD708B5EB62B}.Ad-Hoc|iPhone.Deploy.0 = Release|Any CPU
		{280E9FF6-152E-4190-8288-BD708B5EB62B}.Ad-Hoc|iPhoneSimulator.ActiveCfg = Release|Any CPU
		{280E9FF6-152E-4190-8288-BD708B5EB62B}.Ad-Hoc|iPhoneSimulator.Build.0 = Release|Any CPU
		{280E9FF6-152E-4190-8288-BD708B5EB62B}.Ad-Hoc|iPhoneSimulator.Deploy.0 = Release|Any CPU
		{280E9FF6-152E-4190-8288-BD708B5EB62B}.Ad-Hoc|x86.ActiveCfg = Release|x86
		{280E9FF6-152E-4190-8288-BD708B5EB62B}.Ad-Hoc|x86.Build.0 = Release|x86
		{280E9FF6-152E-4190-8288-BD708B5EB62B}.Ad-Hoc|x86.Deploy.0 = Release|x86
		{280E9FF6-152E-4190-8288-BD708B5EB62B}.AppStore|Any CPU.ActiveCfg = Release|Any CPU
		{280E9FF6-152E-4190-8288-BD708B5EB62B}.AppStore|Any CPU.Build.0 = Release|Any CPU
		{280E9FF6-152E-4190-8288-BD708B5EB62B}.AppStore|Any CPU.Deploy.0 = Release|Any CPU
		{280E9FF6-152E-4190-8288-BD708B5EB62B}.AppStore|ARM.ActiveCfg = Release|ARM
		{280E9FF6-152E-4190-8288-BD708B5EB62B}.AppStore|ARM.Build.0 = Release|ARM
		{280E9FF6-152E-4190-8288-BD708B5EB62B}.AppStore|ARM.Deploy.0 = Release|ARM
		{280E9FF6-152E-4190-8288-BD708B5EB62B}.AppStore|iPhone.ActiveCfg = Release|Any CPU
		{280E9FF6-152E-4190-8288-BD708B5EB62B}.AppStore|iPhone.Build.0 = Release|Any CPU
		{280E9FF6-152E-4190-8288-BD708B5EB62B}.AppStore|iPhone.Deploy.0 = Release|Any CPU
		{280E9FF6-152E-4190-8288-BD708B5EB62B}.AppStore|iPhoneSimulator.ActiveCfg = Release|Any CPU
		{280E9FF6-152E-4190-8288-BD708B5EB62B}.AppStore|iPhoneSimulator.Build.0 = Release|Any CPU
		{280E9FF6-152E-4190-8288-BD708B5EB62B}.AppStore|iPhoneSimulator.Deploy.0 = Release|Any CPU
		{280E9FF6-152E-4190-8288-BD708B5EB62B}.AppStore|x86.ActiveCfg = Release|x86
		{280E9FF6-152E-4190-8288-BD708B5EB62B}.AppStore|x86.Build.0 = Release|x86
		{280E9FF6-152E-4190-8288-BD708B5EB62B}.AppStore|x86.Deploy.0 = Release|x86
		{280E9FF6-152E-4190-8288-BD708B5EB62B}.Debug|Any CPU.ActiveCfg = Debug|Any CPU
		{280E9FF6-152E-4190-8288-BD708B5EB62B}.Debug|Any CPU.Build.0 = Debug|Any CPU
		{280E9FF6-152E-4190-8288-BD708B5EB62B}.Debug|Any CPU.Deploy.0 = Debug|Any CPU
		{280E9FF6-152E-4190-8288-BD708B5EB62B}.Debug|ARM.ActiveCfg = Debug|ARM
		{280E9FF6-152E-4190-8288-BD708B5EB62B}.Debug|ARM.Build.0 = Debug|ARM
		{280E9FF6-152E-4190-8288-BD708B5EB62B}.Debug|ARM.Deploy.0 = Debug|ARM
		{280E9FF6-152E-4190-8288-BD708B5EB62B}.Debug|iPhone.ActiveCfg = Debug|Any CPU
		{280E9FF6-152E-4190-8288-BD708B5EB62B}.Debug|iPhone.Build.0 = Debug|Any CPU
		{280E9FF6-152E-4190-8288-BD708B5EB62B}.Debug|iPhone.Deploy.0 = Debug|Any CPU
		{280E9FF6-152E-4190-8288-BD708B5EB62B}.Debug|iPhoneSimulator.ActiveCfg = Debug|Any CPU
		{280E9FF6-152E-4190-8288-BD708B5EB62B}.Debug|iPhoneSimulator.Build.0 = Debug|Any CPU
		{280E9FF6-152E-4190-8288-BD708B5EB62B}.Debug|iPhoneSimulator.Deploy.0 = Debug|Any CPU
		{280E9FF6-152E-4190-8288-BD708B5EB62B}.Debug|x86.ActiveCfg = Debug|x86
		{280E9FF6-152E-4190-8288-BD708B5EB62B}.Debug|x86.Build.0 = Debug|x86
		{280E9FF6-152E-4190-8288-BD708B5EB62B}.Debug|x86.Deploy.0 = Debug|x86
		{280E9FF6-152E-4190-8288-BD708B5EB62B}.Release|Any CPU.ActiveCfg = Release|Any CPU
		{280E9FF6-152E-4190-8288-BD708B5EB62B}.Release|Any CPU.Build.0 = Release|Any CPU
		{280E9FF6-152E-4190-8288-BD708B5EB62B}.Release|Any CPU.Deploy.0 = Release|Any CPU
		{280E9FF6-152E-4190-8288-BD708B5EB62B}.Release|ARM.ActiveCfg = Release|ARM
		{280E9FF6-152E-4190-8288-BD708B5EB62B}.Release|ARM.Build.0 = Release|ARM
		{280E9FF6-152E-4190-8288-BD708B5EB62B}.Release|ARM.Deploy.0 = Release|ARM
		{280E9FF6-152E-4190-8288-BD708B5EB62B}.Release|iPhone.ActiveCfg = Release|Any CPU
		{280E9FF6-152E-4190-8288-BD708B5EB62B}.Release|iPhone.Build.0 = Release|Any CPU
		{280E9FF6-152E-4190-8288-BD708B5EB62B}.Release|iPhone.Deploy.0 = Release|Any CPU
		{280E9FF6-152E-4190-8288-BD708B5EB62B}.Release|iPhoneSimulator.ActiveCfg = Release|Any CPU
		{280E9FF6-152E-4190-8288-BD708B5EB62B}.Release|iPhoneSimulator.Build.0 = Release|Any CPU
		{280E9FF6-152E-4190-8288-BD708B5EB62B}.Release|iPhoneSimulator.Deploy.0 = Release|Any CPU
		{280E9FF6-152E-4190-8288-BD708B5EB62B}.Release|x86.ActiveCfg = Release|x86
		{280E9FF6-152E-4190-8288-BD708B5EB62B}.Release|x86.Build.0 = Release|x86
		{280E9FF6-152E-4190-8288-BD708B5EB62B}.Release|x86.Deploy.0 = Release|x86
	EndGlobalSection
	GlobalSection(SolutionProperties) = preSolution
		HideSolutionNode = FALSE
	EndGlobalSection
EndGlobal
